// !$*UTF8*$!
{
	archiveVersion = 1;
	classes = {
	};
	objectVersion = 46;
	objects = {

/* Begin PBXBuildFile section */
		6A2EF5F41F24095C0070462A /* AppDelegate.swift in Sources */ = {isa = PBXBuildFile; fileRef = 6A2EF5F31F24095C0070462A /* AppDelegate.swift */; };
		6A2EF5F61F24095C0070462A /* ViewController.swift in Sources */ = {isa = PBXBuildFile; fileRef = 6A2EF5F51F24095C0070462A /* ViewController.swift */; };
		6A2EF5F91F24095C0070462A /* Main.storyboard in Resources */ = {isa = PBXBuildFile; fileRef = 6A2EF5F71F24095C0070462A /* Main.storyboard */; };
		6A2EF5FB1F24095C0070462A /* Assets.xcassets in Resources */ = {isa = PBXBuildFile; fileRef = 6A2EF5FA1F24095C0070462A /* Assets.xcassets */; };
		6A2EF5FE1F24095C0070462A /* LaunchScreen.storyboard in Resources */ = {isa = PBXBuildFile; fileRef = 6A2EF5FC1F24095C0070462A /* LaunchScreen.storyboard */; };
/* End PBXBuildFile section */

/* Begin PBXFileReference section */
		6A2EF5F01F24095C0070462A /* What's the weather.app */ = {isa = PBXFileReference; explicitFileType = wrapper.application; includeInIndex = 0; path = "What's the weather.app"; sourceTree = BUILT_PRODUCTS_DIR; };
		6A2EF5F31F24095C0070462A /* AppDelegate.swift */ = {isa = PBXFileReference; lastKnownFileType = sourcecode.swift; path = AppDelegate.swift; sourceTree = "<group>"; };
		6A2EF5F51F24095C0070462A /* ViewController.swift */ = {isa = PBXFileReference; lastKnownFileType = sourcecode.swift; path = ViewController.swift; sourceTree = "<group>"; };
		6A2EF5F81F24095C0070462A /* Base */ = {isa = PBXFileReference; lastKnownFileType = file.storyboard; name = Base; path = Base.lproj/Main.storyboard; sourceTree = "<group>"; };
		6A2EF5FA1F24095C0070462A /* Assets.xcassets */ = {isa = PBXFileReference; lastKnownFileType = folder.assetcatalog; path = Assets.xcassets; sourceTree = "<group>"; };
		6A2EF5FD1F24095C0070462A /* Base */ = {isa = PBXFileReference; lastKnownFileType = file.storyboard; name = Base; path = Base.lproj/LaunchScreen.storyboard; sourceTree = "<group>"; };
		6A2EF5FF1F24095C0070462A /* Info.plist */ = {isa = PBXFileReference; lastKnownFileType = text.plist.xml; path = Info.plist; sourceTree = "<group>"; };
/* End PBXFileReference section */

/* Begin PBXFrameworksBuildPhase section */
		6A2EF5ED1F24095C0070462A /* Frameworks */ = {
			isa = PBXFrameworksBuildPhase;
			buildActionMask = 2147483647;
			files = (
			);
			runOnlyForDeploymentPostprocessing = 0;
		};
/* End PBXFrameworksBuildPhase section */

/* Begin PBXGroup section */
		6A2EF5E71F24095C0070462A = {
			isa = PBXGroup;
			children = (
				6A2EF5F21F24095C0070462A /* What's the weather */,
				6A2EF5F11F24095C0070462A /* Products */,
			);
			sourceTree = "<group>";
		};
		6A2EF5F11F24095C0070462A /* Products */ = {
			isa = PBXGroup;
			children = (
				6A2EF5F01F24095C0070462A /* What's the weather.app */,
			);
			name = Products;
			sourceTree = "<group>";
		};
		6A2EF5F21F24095C0070462A /* What's the weather */ = {
			isa = PBXGroup;
			children = (
				6A2EF5F31F24095C0070462A /* AppDelegate.swift */,
				6A2EF5F51F24095C0070462A /* ViewController.swift */,
				6A2EF5F71F24095C0070462A /* Main.storyboard */,
				6A2EF5FA1F24095C0070462A /* Assets.xcassets */,
				6A2EF5FC1F24095C0070462A /* LaunchScreen.storyboard */,
				6A2EF5FF1F24095C0070462A /* Info.plist */,
			);
			path = "What's the weather";
			sourceTree = "<group>";
		};
/* End PBXGroup section */

/* Begin PBXNativeTarget section */
		6A2EF5EF1F24095C0070462A /* What's the weather */ = {
			isa = PBXNativeTarget;
			buildConfigurationList = 6A2EF6021F24095C0070462A /* Build configuration list for PBXNativeTarget "What's the weather" */;
			buildPhases = (
				6A2EF5EC1F24095C0070462A /* Sources */,
				6A2EF5ED1F24095C0070462A /* Frameworks */,
				6A2EF5EE1F24095C0070462A /* Resources */,
			);
			buildRules = (
			);
			dependencies = (
			);
			name = "What's the weather";
			productName = "What's the weather";
			productReference = 6A2EF5F01F24095C0070462A /* What's the weather.app */;
			productType = "com.apple.product-type.application";
		};
/* End PBXNativeTarget section */

/* Begin PBXProject section */
		6A2EF5E81F24095C0070462A /* Project object */ = {
			isa = PBXProject;
			attributes = {
				LastSwiftUpdateCheck = 0830;
				LastUpgradeCheck = 0830;
				ORGANIZATIONNAME = "Alan Nevot";
				TargetAttributes = {
					6A2EF5EF1F24095C0070462A = {
						CreatedOnToolsVersion = 8.3.3;
						DevelopmentTeam = 8RNPMZ8AUA;
						ProvisioningStyle = Automatic;
					};
				};
			};
			buildConfigurationList = 6A2EF5EB1F24095C0070462A /* Build configuration list for PBXProject "What's the weather" */;
			compatibilityVersion = "Xcode 3.2";
			developmentRegion = English;
			hasScannedForEncodings = 0;
			knownRegions = (
				en,
				Base,
			);
			mainGroup = 6A2EF5E71F24095C0070462A;
			productRefGroup = 6A2EF5F11F24095C0070462A /* Products */;
			projectDirPath = "";
			projectRoot = "";
			targets = (
				6A2EF5EF1F24095C0070462A /* What's the weather */,
			);
		};
/* End PBXProject section */

/* Begin PBXResourcesBuildPhase section */
		6A2EF5EE1F24095C0070462A /* Resources */ = {
			isa = PBXResourcesBuildPhase;
			buildActionMask = 2147483647;
			files = (
				6A2EF5FE1F24095C0070462A /* LaunchScreen.storyboard in Resources */,
				6A2EF5FB1F24095C0070462A /* Assets.xcassets in Resources */,
				6A2EF5F91F24095C0070462A /* Main.storyboard in Resources */,
			);
			runOnlyForDeploymentPostprocessing = 0;
		};
/* End PBXResourcesBuildPhase section */

/* Begin PBXSourcesBuildPhase section */
		6A2EF5EC1F24095C0070462A /* Sources */ = {
			isa = PBXSourcesBuildPhase;
			buildActionMask = 2147483647;
			files = (
				6A2EF5F61F24095C0070462A /* ViewController.swift in Sources */,
				6A2EF5F41F24095C0070462A /* AppDelegate.swift in Sources */,
			);
			runOnlyForDeploymentPostprocessing = 0;
		};
/* End PBXSourcesBuildPhase section */

/* Begin PBXVariantGroup section */
		6A2EF5F71F24095C0070462A /* Main.storyboard */ = {
			isa = PBXVariantGroup;
			children = (
				6A2EF5F81F24095C0070462A /* Base */,
			);
			name = Main.storyboard;
			sourceTree = "<group>";
		};
		6A2EF5FC1F24095C0070462A /* LaunchScreen.storyboard */ = {
			isa = PBXVariantGroup;
			children = (
				6A2EF5FD1F24095C0070462A /* Base */,
			);
			name = LaunchScreen.storyboard;
			sourceTree = "<group>";
		};
/* End PBXVariantGroup section */

/* Begin XCBuildConfiguration section */
		6A2EF6001F24095C0070462A /* Debug */ = {
			isa = XCBuildConfiguration;
			buildSettings = {
				ALWAYS_SEARCH_USER_PATHS = NO;
				CLANG_ANALYZER_NONNULL = YES;
				CLANG_ANALYZER_NUMBER_OBJECT_CONVERSION = YES_AGGRESSIVE;
				CLANG_CXX_LANGUAGE_STANDARD = "gnu++0x";
				CLANG_CXX_LIBRARY = "libc++";
				CLANG_ENABLE_MODULES = YES;
				CLANG_ENABLE_OBJC_ARC = YES;
				CLANG_WARN_BOOL_CONVERSION = YES;
				CLANG_WARN_CONSTANT_CONVERSION = YES;
				CLANG_WARN_DIRECT_OBJC_ISA_USAGE = YES_ERROR;
				CLANG_WARN_DOCUMENTATION_COMMENTS = YES;
				CLANG_WARN_EMPTY_BODY = YES;
				CLANG_WARN_ENUM_CONVERSION = YES;
				CLANG_WARN_INFINITE_RECURSION = YES;
				CLANG_WARN_INT_CONVERSION = YES;
				CLANG_WARN_OBJC_ROOT_CLASS = YES_ERROR;
				CLANG_WARN_SUSPICIOUS_MOVE = YES;
				CLANG_WARN_UNREACHABLE_CODE = YES;
				CLANG_WARN__DUPLICATE_METHOD_MATCH = YES;
				"CODE_SIGN_IDENTITY[sdk=iphoneos*]" = "iPhone Developer";
				COPY_PHASE_STRIP = NO;
				DEBUG_INFORMATION_FORMAT = dwarf;
				ENABLE_STRICT_OBJC_MSGSEND = YES;
				ENABLE_TESTABILITY = YES;
				GCC_C_LANGUAGE_STANDARD = gnu99;
				GCC_DYNAMIC_NO_PIC = NO;
				GCC_NO_COMMON_BLOCKS = YES;
				GCC_OPTIMIZATION_LEVEL = 0;
				GCC_PREPROCESSOR_DEFINITIONS = (
					"DEBUG=1",
					"$(inherited)",
				);
				GCC_WARN_64_TO_32_BIT_CONVERSION = YES;
				GCC_WARN_ABOUT_RETURN_TYPE = YES_ERROR;
				GCC_WARN_UNDECLARED_SELECTOR = YES;
				GCC_WARN_UNINITIALIZED_AUTOS = YES_AGGRESSIVE;
				GCC_WARN_UNUSED_FUNCTION = YES;
				GCC_WARN_UNUSED_VARIABLE = YES;
				IPHONEOS_DEPLOYMENT_TARGET = 10.3;
				MTL_ENABLE_DEBUG_INFO = YES;
				ONLY_ACTIVE_ARCH = YES;
				SDKROOT = iphoneos;
				SWIFT_ACTIVE_COMPILATION_CONDITIONS = DEBUG;
				SWIFT_OPTIMIZATION_LEVEL = "-Onone";
				TARGETED_DEVICE_FAMILY = "1,2";
			};
			name = Debug;
		};
		6A2EF6011F24095C0070462A /* Release */ = {
			isa = XCBuildConfiguration;
			buildSettings = {
				ALWAYS_SEARCH_USER_PATHS = NO;
				CLANG_ANALYZER_NONNULL = YES;
				CLANG_ANALYZER_NUMBER_OBJECT_CONVERSION = YES_AGGRESSIVE;
				CLANG_CXX_LANGUAGE_STANDARD = "gnu++0x";
				CLANG_CXX_LIBRARY = "libc++";
				CLANG_ENABLE_MODULES = YES;
				CLANG_ENABLE_OBJC_ARC = YES;
				CLANG_WARN_BOOL_CONVERSION = YES;
				CLANG_WARN_CONSTANT_CONVERSION = YES;
				CLANG_WARN_DIRECT_OBJC_ISA_USAGE = YES_ERROR;
				CLANG_WARN_DOCUMENTATION_COMMENTS = YES;
				CLANG_WARN_EMPTY_BODY = YES;
				CLANG_WARN_ENUM_CONVERSION = YES;
				CLANG_WARN_INFINITE_RECURSION = YES;
				CLANG_WARN_INT_CONVERSION = YES;
				CLANG_WARN_OBJC_ROOT_CLASS = YES_ERROR;
				CLANG_WARN_SUSPICIOUS_MOVE = YES;
				CLANG_WARN_UNREACHABLE_CODE = YES;
				CLANG_WARN__DUPLICATE_METHOD_MATCH = YES;
				"CODE_SIGN_IDENTITY[sdk=iphoneos*]" = "iPhone Developer";
				COPY_PHASE_STRIP = NO;
				DEBUG_INFORMATION_FORMAT = "dwarf-with-dsym";
				ENABLE_NS_ASSERTIONS = NO;
				ENABLE_STRICT_OBJC_MSGSEND = YES;
				GCC_C_LANGUAGE_STANDARD = gnu99;
				GCC_NO_COMMON_BLOCKS = YES;
				GCC_WARN_64_TO_32_BIT_CONVERSION = YES;
				GCC_WARN_ABOUT_RETURN_TYPE = YES_ERROR;
				GCC_WARN_UNDECLARED_SELECTOR = YES;
				GCC_WARN_UNINITIALIZED_AUTOS = YES_AGGRESSIVE;
				GCC_WARN_UNUSED_FUNCTION = YES;
				GCC_WARN_UNUSED_VARIABLE = YES;
				IPHONEOS_DEPLOYMENT_TARGET = 10.3;
				MTL_ENABLE_DEBUG_INFO = NO;
				SDKROOT = iphoneos;
				SWIFT_OPTIMIZATION_LEVEL = "-Owholemodule";
				TARGETED_DEVICE_FAMILY = "1,2";
				VALIDATE_PRODUCT = YES;
			};
			name = Release;
		};
		6A2EF6031F24095C0070462A /* Debug */ = {
			isa = XCBuildConfiguration;
			buildSettings = {
				ASSETCATALOG_COMPILER_APPICON_NAME = AppIcon;
				DEVELOPMENT_TEAM = 8RNPMZ8AUA;
				INFOPLIST_FILE = "What's the weather/Info.plist";
				LD_RUNPATH_SEARCH_PATHS = "$(inherited) @executable_path/Frameworks";
				PRODUCT_BUNDLE_IDENTIFIER = "charDSign.What-s-the-weather";
				PRODUCT_NAME = "$(TARGET_NAME)";
				SWIFT_VERSION = 3.0;
			};
			name = Debug;
		};
		6A2EF6041F24095C0070462A /* Release */ = {
			isa = XCBuildConfiguration;
			buildSettings = {
				ASSETCATALOG_COMPILER_APPICON_NAME = AppIcon;
				DEVELOPMENT_TEAM = 8RNPMZ8AUA;
				INFOPLIST_FILE = "What's the weather/Info.plist";
				LD_RUNPATH_SEARCH_PATHS = "$(inherited) @executable_path/Frameworks";
				PRODUCT_BUNDLE_IDENTIFIER = "charDSign.What-s-the-weather";
				PRODUCT_NAME = "$(TARGET_NAME)";
				SWIFT_VERSION = 3.0;
			};
			name = Release;
		};
/* End XCBuildConfiguration section */

/* Begin XCConfigurationList section */
		6A2EF5EB1F24095C0070462A /* Build configuration list for PBXProject "What's the weather" */ = {
			isa = XCConfigurationList;
			buildConfigurations = (
				6A2EF6001F24095C0070462A /* Debug */,
				6A2EF6011F24095C0070462A /* Release */,
			);
			defaultConfigurationIsVisible = 0;
			defaultConfigurationName = Release;
		};
		6A2EF6021F24095C0070462A /* Build configuration list for PBXNativeTarget "What's the weather" */ = {
			isa = XCConfigurationList;
			buildConfigurations = (
				6A2EF6031F24095C0070462A /* Debug */,
				6A2EF6041F24095C0070462A /* Release */,
			);
			defaultConfigurationIsVisible = 0;
		};
/* End XCConfigurationList section */
	};
	rootObject = 6A2EF5E81F24095C0070462A /* Project object */;
}
