// !$*UTF8*$!
{
	archiveVersion = 1;
	classes = {
	};
	objectVersion = 46;
	objects = {

/* Begin PBXBuildFile section */
		6A5560A31F12B6F5003A01FE /* AppDelegate.swift in Sources */ = {isa = PBXBuildFile; fileRef = 6A5560A21F12B6F5003A01FE /* AppDelegate.swift */; };
		6A5560A51F12B6F5003A01FE /* ViewController.swift in Sources */ = {isa = PBXBuildFile; fileRef = 6A5560A41F12B6F5003A01FE /* ViewController.swift */; };
		6A5560A81F12B6F5003A01FE /* Main.storyboard in Resources */ = {isa = PBXBuildFile; fileRef = 6A5560A61F12B6F5003A01FE /* Main.storyboard */; };
		6A5560AA1F12B6F5003A01FE /* Assets.xcassets in Resources */ = {isa = PBXBuildFile; fileRef = 6A5560A91F12B6F5003A01FE /* Assets.xcassets */; };
		6A5560AD1F12B6F5003A01FE /* LaunchScreen.storyboard in Resources */ = {isa = PBXBuildFile; fileRef = 6A5560AB1F12B6F5003A01FE /* LaunchScreen.storyboard */; };
/* End PBXBuildFile section */

/* Begin PBXFileReference section */
		6A55609F1F12B6F5003A01FE /* millasAMetros.app */ = {isa = PBXFileReference; explicitFileType = wrapper.application; includeInIndex = 0; path = millasAMetros.app; sourceTree = BUILT_PRODUCTS_DIR; };
		6A5560A21F12B6F5003A01FE /* AppDelegate.swift */ = {isa = PBXFileReference; lastKnownFileType = sourcecode.swift; path = AppDelegate.swift; sourceTree = "<group>"; };
		6A5560A41F12B6F5003A01FE /* ViewController.swift */ = {isa = PBXFileReference; lastKnownFileType = sourcecode.swift; path = ViewController.swift; sourceTree = "<group>"; };
		6A5560A71F12B6F5003A01FE /* Base */ = {isa = PBXFileReference; lastKnownFileType = file.storyboard; name = Base; path = Base.lproj/Main.storyboard; sourceTree = "<group>"; };
		6A5560A91F12B6F5003A01FE /* Assets.xcassets */ = {isa = PBXFileReference; lastKnownFileType = folder.assetcatalog; path = Assets.xcassets; sourceTree = "<group>"; };
		6A5560AC1F12B6F5003A01FE /* Base */ = {isa = PBXFileReference; lastKnownFileType = file.storyboard; name = Base; path = Base.lproj/LaunchScreen.storyboard; sourceTree = "<group>"; };
		6A5560AE1F12B6F5003A01FE /* Info.plist */ = {isa = PBXFileReference; lastKnownFileType = text.plist.xml; path = Info.plist; sourceTree = "<group>"; };
/* End PBXFileReference section */

/* Begin PBXFrameworksBuildPhase section */
		6A55609C1F12B6F5003A01FE /* Frameworks */ = {
			isa = PBXFrameworksBuildPhase;
			buildActionMask = 2147483647;
			files = (
			);
			runOnlyForDeploymentPostprocessing = 0;
		};
/* End PBXFrameworksBuildPhase section */

/* Begin PBXGroup section */
		6A5560961F12B6F5003A01FE = {
			isa = PBXGroup;
			children = (
				6A5560A11F12B6F5003A01FE /* millasAMetros */,
				6A5560A01F12B6F5003A01FE /* Products */,
			);
			sourceTree = "<group>";
		};
		6A5560A01F12B6F5003A01FE /* Products */ = {
			isa = PBXGroup;
			children = (
				6A55609F1F12B6F5003A01FE /* millasAMetros.app */,
			);
			name = Products;
			sourceTree = "<group>";
		};
		6A5560A11F12B6F5003A01FE /* millasAMetros */ = {
			isa = PBXGroup;
			children = (
				6A5560A21F12B6F5003A01FE /* AppDelegate.swift */,
				6A5560A41F12B6F5003A01FE /* ViewController.swift */,
				6A5560A61F12B6F5003A01FE /* Main.storyboard */,
				6A5560A91F12B6F5003A01FE /* Assets.xcassets */,
				6A5560AB1F12B6F5003A01FE /* LaunchScreen.storyboard */,
				6A5560AE1F12B6F5003A01FE /* Info.plist */,
			);
			path = millasAMetros;
			sourceTree = "<group>";
		};
/* End PBXGroup section */

/* Begin PBXNativeTarget section */
		6A55609E1F12B6F5003A01FE /* millasAMetros */ = {
			isa = PBXNativeTarget;
			buildConfigurationList = 6A5560B11F12B6F5003A01FE /* Build configuration list for PBXNativeTarget "millasAMetros" */;
			buildPhases = (
				6A55609B1F12B6F5003A01FE /* Sources */,
				6A55609C1F12B6F5003A01FE /* Frameworks */,
				6A55609D1F12B6F5003A01FE /* Resources */,
			);
			buildRules = (
			);
			dependencies = (
			);
			name = millasAMetros;
			productName = millasAMetros;
			productReference = 6A55609F1F12B6F5003A01FE /* millasAMetros.app */;
			productType = "com.apple.product-type.application";
		};
/* End PBXNativeTarget section */

/* Begin PBXProject section */
		6A5560971F12B6F5003A01FE /* Project object */ = {
			isa = PBXProject;
			attributes = {
				LastSwiftUpdateCheck = 0830;
				LastUpgradeCheck = 0830;
				ORGANIZATIONNAME = "Alan Nevot";
				TargetAttributes = {
					6A55609E1F12B6F5003A01FE = {
						CreatedOnToolsVersion = 8.3.3;
						DevelopmentTeam = 8RNPMZ8AUA;
						ProvisioningStyle = Automatic;
					};
				};
			};
			buildConfigurationList = 6A55609A1F12B6F5003A01FE /* Build configuration list for PBXProject "millasAMetros" */;
			compatibilityVersion = "Xcode 3.2";
			developmentRegion = English;
			hasScannedForEncodings = 0;
			knownRegions = (
				en,
				Base,
			);
			mainGroup = 6A5560961F12B6F5003A01FE;
			productRefGroup = 6A5560A01F12B6F5003A01FE /* Products */;
			projectDirPath = "";
			projectRoot = "";
			targets = (
				6A55609E1F12B6F5003A01FE /* millasAMetros */,
			);
		};
/* End PBXProject section */

/* Begin PBXResourcesBuildPhase section */
		6A55609D1F12B6F5003A01FE /* Resources */ = {
			isa = PBXResourcesBuildPhase;
			buildActionMask = 2147483647;
			files = (
				6A5560AD1F12B6F5003A01FE /* LaunchScreen.storyboard in Resources */,
				6A5560AA1F12B6F5003A01FE /* Assets.xcassets in Resources */,
				6A5560A81F12B6F5003A01FE /* Main.storyboard in Resources */,
			);
			runOnlyForDeploymentPostprocessing = 0;
		};
/* End PBXResourcesBuildPhase section */

/* Begin PBXSourcesBuildPhase section */
		6A55609B1F12B6F5003A01FE /* Sources */ = {
			isa = PBXSourcesBuildPhase;
			buildActionMask = 2147483647;
			files = (
				6A5560A51F12B6F5003A01FE /* ViewController.swift in Sources */,
				6A5560A31F12B6F5003A01FE /* AppDelegate.swift in Sources */,
			);
			runOnlyForDeploymentPostprocessing = 0;
		};
/* End PBXSourcesBuildPhase section */

/* Begin PBXVariantGroup section */
		6A5560A61F12B6F5003A01FE /* Main.storyboard */ = {
			isa = PBXVariantGroup;
			children = (
				6A5560A71F12B6F5003A01FE /* Base */,
			);
			name = Main.storyboard;
			sourceTree = "<group>";
		};
		6A5560AB1F12B6F5003A01FE /* LaunchScreen.storyboard */ = {
			isa = PBXVariantGroup;
			children = (
				6A5560AC1F12B6F5003A01FE /* Base */,
			);
			name = LaunchScreen.storyboard;
			sourceTree = "<group>";
		};
/* End PBXVariantGroup section */

/* Begin XCBuildConfiguration section */
		6A5560AF1F12B6F5003A01FE /* Debug */ = {
			isa = XCBuildConfiguration;
			buildSettings = {
				ALWAYS_SEARCH_USER_PATHS = NO;
				CLANG_ANALYZER_NONNULL = YES;
				CLANG_ANALYZER_NUMBER_OBJECT_CONVERSION = YES_AGGRESSIVE;
				CLANG_CXX_LANGUAGE_STANDARD = "gnu++0x";
				CLANG_CXX_LIBRARY = "libc++";
				CLANG_ENABLE_MODULES = YES;
				CLANG_ENABLE_OBJC_ARC = YES;
				CLANG_WARN_BOOL_CONVERSION = YES;
				CLANG_WARN_CONSTANT_CONVERSION = YES;
				CLANG_WARN_DIRECT_OBJC_ISA_USAGE = YES_ERROR;
				CLANG_WARN_DOCUMENTATION_COMMENTS = YES;
				CLANG_WARN_EMPTY_BODY = YES;
				CLANG_WARN_ENUM_CONVERSION = YES;
				CLANG_WARN_INFINITE_RECURSION = YES;
				CLANG_WARN_INT_CONVERSION = YES;
				CLANG_WARN_OBJC_ROOT_CLASS = YES_ERROR;
				CLANG_WARN_SUSPICIOUS_MOVE = YES;
				CLANG_WARN_UNREACHABLE_CODE = YES;
				CLANG_WARN__DUPLICATE_METHOD_MATCH = YES;
				"CODE_SIGN_IDENTITY[sdk=iphoneos*]" = "iPhone Developer";
				COPY_PHASE_STRIP = NO;
				DEBUG_INFORMATION_FORMAT = dwarf;
				ENABLE_STRICT_OBJC_MSGSEND = YES;
				ENABLE_TESTABILITY = YES;
				GCC_C_LANGUAGE_STANDARD = gnu99;
				GCC_DYNAMIC_NO_PIC = NO;
				GCC_NO_COMMON_BLOCKS = YES;
				GCC_OPTIMIZATION_LEVEL = 0;
				GCC_PREPROCESSOR_DEFINITIONS = (
					"DEBUG=1",
					"$(inherited)",
				);
				GCC_WARN_64_TO_32_BIT_CONVERSION = YES;
				GCC_WARN_ABOUT_RETURN_TYPE = YES_ERROR;
				GCC_WARN_UNDECLARED_SELECTOR = YES;
				GCC_WARN_UNINITIALIZED_AUTOS = YES_AGGRESSIVE;
				GCC_WARN_UNUSED_FUNCTION = YES;
				GCC_WARN_UNUSED_VARIABLE = YES;
				IPHONEOS_DEPLOYMENT_TARGET = 10.3;
				MTL_ENABLE_DEBUG_INFO = YES;
				ONLY_ACTIVE_ARCH = YES;
				SDKROOT = iphoneos;
				SWIFT_ACTIVE_COMPILATION_CONDITIONS = DEBUG;
				SWIFT_OPTIMIZATION_LEVEL = "-Onone";
			};
			name = Debug;
		};
		6A5560B01F12B6F5003A01FE /* Release */ = {
			isa = XCBuildConfiguration;
			buildSettings = {
				ALWAYS_SEARCH_USER_PATHS = NO;
				CLANG_ANALYZER_NONNULL = YES;
				CLANG_ANALYZER_NUMBER_OBJECT_CONVERSION = YES_AGGRESSIVE;
				CLANG_CXX_LANGUAGE_STANDARD = "gnu++0x";
				CLANG_CXX_LIBRARY = "libc++";
				CLANG_ENABLE_MODULES = YES;
				CLANG_ENABLE_OBJC_ARC = YES;
				CLANG_WARN_BOOL_CONVERSION = YES;
				CLANG_WARN_CONSTANT_CONVERSION = YES;
				CLANG_WARN_DIRECT_OBJC_ISA_USAGE = YES_ERROR;
				CLANG_WARN_DOCUMENTATION_COMMENTS = YES;
				CLANG_WARN_EMPTY_BODY = YES;
				CLANG_WARN_ENUM_CONVERSION = YES;
				CLANG_WARN_INFINITE_RECURSION = YES;
				CLANG_WARN_INT_CONVERSION = YES;
				CLANG_WARN_OBJC_ROOT_CLASS = YES_ERROR;
				CLANG_WARN_SUSPICIOUS_MOVE = YES;
				CLANG_WARN_UNREACHABLE_CODE = YES;
				CLANG_WARN__DUPLICATE_METHOD_MATCH = YES;
				"CODE_SIGN_IDENTITY[sdk=iphoneos*]" = "iPhone Developer";
				COPY_PHASE_STRIP = NO;
				DEBUG_INFORMATION_FORMAT = "dwarf-with-dsym";
				ENABLE_NS_ASSERTIONS = NO;
				ENABLE_STRICT_OBJC_MSGSEND = YES;
				GCC_C_LANGUAGE_STANDARD = gnu99;
				GCC_NO_COMMON_BLOCKS = YES;
				GCC_WARN_64_TO_32_BIT_CONVERSION = YES;
				GCC_WARN_ABOUT_RETURN_TYPE = YES_ERROR;
				GCC_WARN_UNDECLARED_SELECTOR = YES;
				GCC_WARN_UNINITIALIZED_AUTOS = YES_AGGRESSIVE;
				GCC_WARN_UNUSED_FUNCTION = YES;
				GCC_WARN_UNUSED_VARIABLE = YES;
				IPHONEOS_DEPLOYMENT_TARGET = 10.3;
				MTL_ENABLE_DEBUG_INFO = NO;
				SDKROOT = iphoneos;
				SWIFT_OPTIMIZATION_LEVEL = "-Owholemodule";
				VALIDATE_PRODUCT = YES;
			};
			name = Release;
		};
		6A5560B21F12B6F5003A01FE /* Debug */ = {
			isa = XCBuildConfiguration;
			buildSettings = {
				ASSETCATALOG_COMPILER_APPICON_NAME = AppIcon;
				DEVELOPMENT_TEAM = 8RNPMZ8AUA;
				INFOPLIST_FILE = millasAMetros/Info.plist;
				LD_RUNPATH_SEARCH_PATHS = "$(inherited) @executable_path/Frameworks";
				PRODUCT_BUNDLE_IDENTIFIER = charDSign.millasAMetros;
				PRODUCT_NAME = "$(TARGET_NAME)";
				SWIFT_VERSION = 3.0;
			};
			name = Debug;
		};
		6A5560B31F12B6F5003A01FE /* Release */ = {
			isa = XCBuildConfiguration;
			buildSettings = {
				ASSETCATALOG_COMPILER_APPICON_NAME = AppIcon;
				DEVELOPMENT_TEAM = 8RNPMZ8AUA;
				INFOPLIST_FILE = millasAMetros/Info.plist;
				LD_RUNPATH_SEARCH_PATHS = "$(inherited) @executable_path/Frameworks";
				PRODUCT_BUNDLE_IDENTIFIER = charDSign.millasAMetros;
				PRODUCT_NAME = "$(TARGET_NAME)";
				SWIFT_VERSION = 3.0;
			};
			name = Release;
		};
/* End XCBuildConfiguration section */

/* Begin XCConfigurationList section */
		6A55609A1F12B6F5003A01FE /* Build configuration list for PBXProject "millasAMetros" */ = {
			isa = XCConfigurationList;
			buildConfigurations = (
				6A5560AF1F12B6F5003A01FE /* Debug */,
				6A5560B01F12B6F5003A01FE /* Release */,
			);
			defaultConfigurationIsVisible = 0;
			defaultConfigurationName = Release;
		};
		6A5560B11F12B6F5003A01FE /* Build configuration list for PBXNativeTarget "millasAMetros" */ = {
			isa = XCConfigurationList;
			buildConfigurations = (
				6A5560B21F12B6F5003A01FE /* Debug */,
				6A5560B31F12B6F5003A01FE /* Release */,
			);
			defaultConfigurationIsVisible = 0;
			defaultConfigurationName = Release;
		};
/* End XCConfigurationList section */
	};
	rootObject = 6A5560971F12B6F5003A01FE /* Project object */;
}
